
Microsoft Visual Studio Solution File, Format Version 12.00
# Visual Studio Version 17
VisualStudioVersion = 17.8.34525.116
MinimumVisualStudioVersion = 10.0.40219.1
Project("{FAE04EC0-301F-11D3-BF4B-00C04F79EFBC}") = "MyPushNotify.Android", "MyPushNotify.Android\MyPushNotify.Android.csproj", "{CFF7413E-EBEF-4E67-B43F-8ACF72CB9619}"
EndProject
Project("{FAE04EC0-301F-11D3-BF4B-00C04F79EFBC}") = "MyPushNotify", "MyPushNotify\MyPushNotify.csproj", "{A5F622E2-41A0-4897-B955-8FA007F1FA73}"
EndProject
Global
	GlobalSection(SolutionConfigurationPlatforms) = preSolution
		Debug|Any CPU = Debug|Any CPU
		Release|Any CPU = Release|Any CPU
	EndGlobalSection
	GlobalSection(ProjectConfigurationPlatforms) = postSolution
		{CFF7413E-EBEF-4E67-B43F-8ACF72CB9619}.Debug|Any CPU.ActiveCfg = Debug|Any CPU
		{CFF7413E-EBEF-4E67-B43F-8ACF72CB9619}.Debug|Any CPU.Build.0 = Debug|Any CPU
		{CFF7413E-EBEF-4E67-B43F-8ACF72CB9619}.Debug|Any CPU.Deploy.0 = Debug|Any CPU
		{CFF7413E-EBEF-4E67-B43F-8ACF72CB9619}.Release|Any CPU.ActiveCfg = Release|Any CPU
		{CFF7413E-EBEF-4E67-B43F-8ACF72CB9619}.Release|Any CPU.Build.0 = Release|Any CPU
		{CFF7413E-EBEF-4E67-B43F-8ACF72CB9619}.Release|Any CPU.Deploy.0 = Release|Any CPU
		{A5F622E2-41A0-4897-B955-8FA007F1FA73}.Debug|Any CPU.ActiveCfg = Debug|Any CPU
		{A5F622E2-41A0-4897-B955-8FA007F1FA73}.Debug|Any CPU.Build.0 = Debug|Any CPU
		{A5F622E2-41A0-4897-B955-8FA007F1FA73}.Debug|Any CPU.Deploy.0 = Debug|Any CPU
		{A5F622E2-41A0-4897-B955-8FA007F1FA73}.Release|Any CPU.ActiveCfg = Release|Any CPU
		{A5F622E2-41A0-4897-B955-8FA007F1FA73}.Release|Any CPU.Build.0 = Release|Any CPU
		{A5F622E2-41A0-4897-B955-8FA007F1FA73}.Release|Any CPU.Deploy.0 = Release|Any CPU
	EndGlobalSection
	GlobalSection(SolutionProperties) = preSolution
		HideSolutionNode = FALSE
	EndGlobalSection
	GlobalSection(ExtensibilityGlobals) = postSolution
		SolutionGuid = {5B2115B9-A4E1-4563-B1A3-492568704E49}
	EndGlobalSection
EndGlobal
